{
    "version": 3,
    "terraform_version": "0.11.7",
    "serial": 84,
    "lineage": "82f5060f-9caf-5c05-2e5a-cd7651b83bb2",
    "modules": [
        {
            "path": [
                "root"
            ],
            "outputs": {
                "vpc_ids": {
                    "sensitive": false,
                    "type": "list",
                    "value": [
                        "vpc-05c2232f6e68a0018",
                        "vpc-0ded6a808cf9f0375"
                    ]
                }
            },
            "resources": {},
            "depends_on": []
        },
        {
            "path": [
                "root",
                "vpc-1"
            ],
            "outputs": {
                "vpc_id": {
                    "sensitive": false,
                    "type": "string",
                    "value": "vpc-05c2232f6e68a0018"
                }
            },
            "resources": {
                "aws_default_route_table.routes-vpc": {
                    "type": "aws_default_route_table",
                    "depends_on": [
                        "aws_internet_gateway.vpc-igw",
                        "aws_vpc.vpc"
                    ],
                    "primary": {
                        "id": "rtb-07232fde8dc3cb3c3",
                        "attributes": {
                            "default_route_table_id": "rtb-07232fde8dc3cb3c3",
                            "id": "rtb-07232fde8dc3cb3c3",
                            "propagating_vgws.#": "0",
                            "route.#": "1",
                            "route.935749760.cidr_block": "0.0.0.0/0",
                            "route.935749760.egress_only_gateway_id": "",
                            "route.935749760.gateway_id": "igw-0eb4aae3d6ac9dad4",
                            "route.935749760.instance_id": "",
                            "route.935749760.ipv6_cidr_block": "",
                            "route.935749760.nat_gateway_id": "",
                            "route.935749760.network_interface_id": "",
                            "route.935749760.vpc_peering_connection_id": "",
                            "tags.%": "1",
                            "tags.Name": "vpc-1-routes",
                            "vpc_id": "vpc-05c2232f6e68a0018"
                        },
                        "meta": {},
                        "tainted": false
                    },
                    "deposed": [],
                    "provider": "provider.aws"
                },
                "aws_internet_gateway.vpc-igw": {
                    "type": "aws_internet_gateway",
                    "depends_on": [
                        "aws_vpc.vpc"
                    ],
                    "primary": {
                        "id": "igw-0eb4aae3d6ac9dad4",
                        "attributes": {
                            "id": "igw-0eb4aae3d6ac9dad4",
                            "tags.%": "1",
                            "tags.Name": "vpc-1",
                            "vpc_id": "vpc-05c2232f6e68a0018"
                        },
                        "meta": {},
                        "tainted": false
                    },
                    "deposed": [],
                    "provider": "provider.aws"
                },
                "aws_subnet.vpc-subnet.0": {
                    "type": "aws_subnet",
                    "depends_on": [
                        "aws_vpc.vpc"
                    ],
                    "primary": {
                        "id": "subnet-08ef1890a98f7955b",
                        "attributes": {
                            "assign_ipv6_address_on_creation": "false",
                            "availability_zone": "eu-west-2b",
                            "cidr_block": "10.10.1.0/24",
                            "id": "subnet-08ef1890a98f7955b",
                            "map_public_ip_on_launch": "false",
                            "tags.%": "1",
                            "tags.Name": "vpc1-private1-subnet",
                            "vpc_id": "vpc-05c2232f6e68a0018"
                        },
                        "meta": {
                            "schema_version": "1"
                        },
                        "tainted": false
                    },
                    "deposed": [],
                    "provider": "provider.aws"
                },
                "aws_subnet.vpc-subnet.1": {
                    "type": "aws_subnet",
                    "depends_on": [
                        "aws_vpc.vpc"
                    ],
                    "primary": {
                        "id": "subnet-0e8db3c67e2153deb",
                        "attributes": {
                            "assign_ipv6_address_on_creation": "false",
                            "availability_zone": "eu-west-2a",
                            "cidr_block": "10.10.2.0/24",
                            "id": "subnet-0e8db3c67e2153deb",
                            "map_public_ip_on_launch": "false",
                            "tags.%": "1",
                            "tags.Name": "vpc2-private1-subnet",
                            "vpc_id": "vpc-05c2232f6e68a0018"
                        },
                        "meta": {
                            "schema_version": "1"
                        },
                        "tainted": false
                    },
                    "deposed": [],
                    "provider": "provider.aws"
                },
                "aws_vpc.vpc": {
                    "type": "aws_vpc",
                    "depends_on": [],
                    "primary": {
                        "id": "vpc-05c2232f6e68a0018",
                        "attributes": {
                            "assign_generated_ipv6_cidr_block": "false",
                            "cidr_block": "10.10.0.0/16",
                            "default_network_acl_id": "acl-0b4c2ead2263b2510",
                            "default_route_table_id": "rtb-07232fde8dc3cb3c3",
                            "default_security_group_id": "sg-0498913b785600e47",
                            "dhcp_options_id": "dopt-9d9f22f5",
                            "enable_dns_hostnames": "true",
                            "enable_dns_support": "true",
                            "id": "vpc-05c2232f6e68a0018",
                            "instance_tenancy": "default",
                            "main_route_table_id": "rtb-07232fde8dc3cb3c3",
                            "tags.%": "1",
                            "tags.Name": "vpc-1"
                        },
                        "meta": {
                            "schema_version": "1"
                        },
                        "tainted": false
                    },
                    "deposed": [],
                    "provider": "provider.aws"
                },
                "data.terraform_remote_state.vpc": {
                    "type": "terraform_remote_state",
                    "depends_on": [],
                    "primary": {
                        "id": "2018-06-04 07:55:19.554559687 +0000 UTC",
                        "attributes": {
                            "backend": "s3",
                            "config.%": "3",
                            "config.bucket": "intis-terraform-tfstate",
                            "config.key": "terraform.tfstate",
                            "config.region": "eu-west-2",
                            "environment": "default",
                            "id": "2018-06-04 07:55:19.554559687 +0000 UTC",
                            "workspace": "default"
                        },
                        "meta": {},
                        "tainted": false
                    },
                    "deposed": [],
                    "provider": "provider.terraform"
                }
            },
            "depends_on": []
        },
        {
            "path": [
                "root",
                "vpc-2"
            ],
            "outputs": {
                "vpc_id": {
                    "sensitive": false,
                    "type": "string",
                    "value": "vpc-0ded6a808cf9f0375"
                }
            },
            "resources": {
                "aws_default_route_table.routes-vpc": {
                    "type": "aws_default_route_table",
                    "depends_on": [
                        "aws_internet_gateway.vpc-igw",
                        "aws_vpc.vpc"
                    ],
                    "primary": {
                        "id": "rtb-012eabb4a875ca07c",
                        "attributes": {
                            "default_route_table_id": "rtb-012eabb4a875ca07c",
                            "id": "rtb-012eabb4a875ca07c",
                            "propagating_vgws.#": "0",
                            "route.#": "1",
                            "route.17138748.cidr_block": "0.0.0.0/0",
                            "route.17138748.egress_only_gateway_id": "",
                            "route.17138748.gateway_id": "igw-0d7fe6d64b8daa334",
                            "route.17138748.instance_id": "",
                            "route.17138748.ipv6_cidr_block": "",
                            "route.17138748.nat_gateway_id": "",
                            "route.17138748.network_interface_id": "",
                            "route.17138748.vpc_peering_connection_id": "",
                            "tags.%": "1",
                            "tags.Name": "vpc-2-routes",
                            "vpc_id": "vpc-0ded6a808cf9f0375"
                        },
                        "meta": {},
                        "tainted": false
                    },
                    "deposed": [],
                    "provider": "provider.aws"
                },
                "aws_internet_gateway.vpc-igw": {
                    "type": "aws_internet_gateway",
                    "depends_on": [
                        "aws_vpc.vpc"
                    ],
                    "primary": {
                        "id": "igw-0d7fe6d64b8daa334",
                        "attributes": {
                            "id": "igw-0d7fe6d64b8daa334",
                            "tags.%": "1",
                            "tags.Name": "vpc-2",
                            "vpc_id": "vpc-0ded6a808cf9f0375"
                        },
                        "meta": {},
                        "tainted": false
                    },
                    "deposed": [],
                    "provider": "provider.aws"
                },
                "aws_subnet.vpc-subnet.0": {
                    "type": "aws_subnet",
                    "depends_on": [
                        "aws_vpc.vpc"
                    ],
                    "primary": {
                        "id": "subnet-08764d9421b25cde2",
                        "attributes": {
                            "assign_ipv6_address_on_creation": "false",
                            "availability_zone": "eu-west-2a",
                            "cidr_block": "10.20.1.0/24",
                            "id": "subnet-08764d9421b25cde2",
                            "map_public_ip_on_launch": "false",
                            "tags.%": "1",
                            "tags.Name": "vpc1-private1-subnet",
                            "vpc_id": "vpc-0ded6a808cf9f0375"
                        },
                        "meta": {
                            "schema_version": "1"
                        },
                        "tainted": false
                    },
                    "deposed": [],
                    "provider": "provider.aws"
                },
                "aws_subnet.vpc-subnet.1": {
                    "type": "aws_subnet",
                    "depends_on": [
                        "aws_vpc.vpc"
                    ],
                    "primary": {
                        "id": "subnet-0ba215e6a8c84a00f",
                        "attributes": {
                            "assign_ipv6_address_on_creation": "false",
                            "availability_zone": "eu-west-2b",
                            "cidr_block": "10.20.2.0/24",
                            "id": "subnet-0ba215e6a8c84a00f",
                            "map_public_ip_on_launch": "false",
                            "tags.%": "1",
                            "tags.Name": "vpc2-private1-subnet",
                            "vpc_id": "vpc-0ded6a808cf9f0375"
                        },
                        "meta": {
                            "schema_version": "1"
                        },
                        "tainted": false
                    },
                    "deposed": [],
                    "provider": "provider.aws"
                },
                "aws_vpc.vpc": {
                    "type": "aws_vpc",
                    "depends_on": [],
                    "primary": {
                        "id": "vpc-0ded6a808cf9f0375",
                        "attributes": {
                            "assign_generated_ipv6_cidr_block": "false",
                            "cidr_block": "10.20.0.0/16",
                            "default_network_acl_id": "acl-0a63541ec129f13db",
                            "default_route_table_id": "rtb-012eabb4a875ca07c",
                            "default_security_group_id": "sg-0671a69d14fcf8897",
                            "dhcp_options_id": "dopt-9d9f22f5",
                            "enable_dns_hostnames": "true",
                            "enable_dns_support": "true",
                            "id": "vpc-0ded6a808cf9f0375",
                            "instance_tenancy": "default",
                            "main_route_table_id": "rtb-012eabb4a875ca07c",
                            "tags.%": "1",
                            "tags.Name": "vpc-2"
                        },
                        "meta": {
                            "schema_version": "1"
                        },
                        "tainted": false
                    },
                    "deposed": [],
                    "provider": "provider.aws"
                },
                "data.terraform_remote_state.vpc": {
                    "type": "terraform_remote_state",
                    "depends_on": [],
                    "primary": {
                        "id": "2018-06-04 07:55:19.550729435 +0000 UTC",
                        "attributes": {
                            "backend": "s3",
                            "config.%": "3",
                            "config.bucket": "intis-terraform-tfstate",
                            "config.key": "terraform.tfstate",
                            "config.region": "eu-west-2",
                            "environment": "default",
                            "id": "2018-06-04 07:55:19.550729435 +0000 UTC",
                            "workspace": "default"
                        },
                        "meta": {},
                        "tainted": false
                    },
                    "deposed": [],
                    "provider": "provider.terraform"
                }
            },
            "depends_on": []
        }
    ]
}
